
Microsoft Visual Studio Solution File, Format Version 12.00
# Visual Studio 14
VisualStudioVersion = 14.0.25420.1
MinimumVisualStudioVersion = 10.0.40219.1
Project("{FAE04EC0-301F-11D3-BF4B-00C04F79EFBC}") = "GameStore.Domain", "GameStore.Domain\GameStore.Domain.csproj", "{5EA6EFCC-32EC-4141-87EB-BBFA9D2FF48A}"
EndProject
Project("{FAE04EC0-301F-11D3-BF4B-00C04F79EFBC}") = "GameStore.WebUI", "GameStore.WebUI\GameStore.WebUI.csproj", "{CFF32A37-37C0-4096-9899-97A1E18BA5F3}"
EndProject
Project("{FAE04EC0-301F-11D3-BF4B-00C04F79EFBC}") = "GameStore.UnitTests", "GameStore.UnitTests\GameStore.UnitTests.csproj", "{FB6FE7E8-9DC1-462D-A824-0E832F9D604B}"
EndProject
Global
	GlobalSection(SolutionConfigurationPlatforms) = preSolution
		Debug|Any CPU = Debug|Any CPU
		Release|Any CPU = Release|Any CPU
	EndGlobalSection
	GlobalSection(ProjectConfigurationPlatforms) = postSolution
		{5EA6EFCC-32EC-4141-87EB-BBFA9D2FF48A}.Debug|Any CPU.ActiveCfg = Debug|Any CPU
		{5EA6EFCC-32EC-4141-87EB-BBFA9D2FF48A}.Debug|Any CPU.Build.0 = Debug|Any CPU
		{5EA6EFCC-32EC-4141-87EB-BBFA9D2FF48A}.Release|Any CPU.ActiveCfg = Release|Any CPU
		{5EA6EFCC-32EC-4141-87EB-BBFA9D2FF48A}.Release|Any CPU.Build.0 = Release|Any CPU
		{CFF32A37-37C0-4096-9899-97A1E18BA5F3}.Debug|Any CPU.ActiveCfg = Debug|Any CPU
		{CFF32A37-37C0-4096-9899-97A1E18BA5F3}.Debug|Any CPU.Build.0 = Debug|Any CPU
		{CFF32A37-37C0-4096-9899-97A1E18BA5F3}.Release|Any CPU.ActiveCfg = Release|Any CPU
		{CFF32A37-37C0-4096-9899-97A1E18BA5F3}.Release|Any CPU.Build.0 = Release|Any CPU
		{FB6FE7E8-9DC1-462D-A824-0E832F9D604B}.Debug|Any CPU.ActiveCfg = Debug|Any CPU
		{FB6FE7E8-9DC1-462D-A824-0E832F9D604B}.Debug|Any CPU.Build.0 = Debug|Any CPU
		{FB6FE7E8-9DC1-462D-A824-0E832F9D604B}.Release|Any CPU.ActiveCfg = Release|Any CPU
		{FB6FE7E8-9DC1-462D-A824-0E832F9D604B}.Release|Any CPU.Build.0 = Release|Any CPU
	EndGlobalSection
	GlobalSection(SolutionProperties) = preSolution
		HideSolutionNode = FALSE
	EndGlobalSection
EndGlobal
